
Microsoft Visual Studio Solution File, Format Version 12.00
# Visual Studio Version 17
VisualStudioVersion = 17.0.31903.59
MinimumVisualStudioVersion = 10.0.40219.1
Project("{2150E333-8FDC-42A3-9474-1A3956D46DE8}") = "Src", "Src", "{A3D447B8-AC16-44E2-BE6A-074BEC47EC67}"
EndProject
Project("{2150E333-8FDC-42A3-9474-1A3956D46DE8}") = "Test", "Test", "{377D6602-F7BD-4558-A445-E45472340F54}"
EndProject
Project("{2150E333-8FDC-42A3-9474-1A3956D46DE8}") = "Restaurants.WebApi", "Restaurants.WebApi", "{CC2B5CB9-F921-4398-ABF1-78A2F8384196}"
EndProject
Project("{2150E333-8FDC-42A3-9474-1A3956D46DE8}") = "Restaurants.Domain", "Restaurants.Domain", "{DB1EDBA8-92E9-4C27-A2D9-29BB1DC91F0F}"
EndProject
Project("{2150E333-8FDC-42A3-9474-1A3956D46DE8}") = "Restaurants.Infrastructure", "Restaurants.Infrastructure", "{8BAFDDAC-D39D-4077-A5CC-7DFA087BDBE9}"
EndProject
Project("{2150E333-8FDC-42A3-9474-1A3956D46DE8}") = "Restaurants.Application", "Restaurants.Application", "{D8C6616D-E233-4D08-A5D5-34A6558F5019}"
EndProject
Project("{2150E333-8FDC-42A3-9474-1A3956D46DE8}") = "Restaurants.Domain.UnitTests", "Restaurants.Domain.UnitTests", "{88916EE8-DC99-4924-BCB0-277BCD8ED682}"
EndProject
Project("{FAE04EC0-301F-11D3-BF4B-00C04F79EFBC}") = "Restaurants.Domain.UnitTests", "Restaurants.Domain.UnitTests\Restaurants.Domain.UnitTests.csproj", "{7B1D8EDE-7321-47EB-9614-652B2921023C}"
EndProject
Project("{FAE04EC0-301F-11D3-BF4B-00C04F79EFBC}") = "Restaurants.WebApi", "Restaurants.WebApi\Restaurants.WebApi.csproj", "{DBC412E4-C62B-4C24-8269-4C40E371EED7}"
EndProject
Project("{FAE04EC0-301F-11D3-BF4B-00C04F79EFBC}") = "Restaurants.Domain", "Restaurants.Domain\Restaurants.Domain.csproj", "{64AD3397-813E-4BD5-AFA3-4B38CD7D33BD}"
EndProject
Project("{FAE04EC0-301F-11D3-BF4B-00C04F79EFBC}") = "Restaurants.Application", "Restaurants.Application\Restaurants.Application.csproj", "{94F8D1AD-532D-4568-B26E-7F914141171E}"
EndProject
Project("{FAE04EC0-301F-11D3-BF4B-00C04F79EFBC}") = "Restaurants.Infrastructure", "Restaurants.Infrastructure\Restaurants.Infrastructure.csproj", "{386BC476-DB43-46FB-9236-81B2E28153CE}"
EndProject
Project("{2150E333-8FDC-42A3-9474-1A3956D46DE8}") = "RabbitMQSenderAPI", "RabbitMQSenderAPI", "{5EB105EB-5B60-4BD7-AA16-8BCE386ED3A9}"
EndProject
Project("{FAE04EC0-301F-11D3-BF4B-00C04F79EFBC}") = "RabbitMQSenderAPI", "RabbitMQSenderAPI\RabbitMQSenderAPI.csproj", "{DE372135-18E7-44F9-B8F8-36B9C666E751}"
EndProject
Global
	GlobalSection(SolutionConfigurationPlatforms) = preSolution
		Debug|Any CPU = Debug|Any CPU
		Release|Any CPU = Release|Any CPU
	EndGlobalSection
	GlobalSection(ProjectConfigurationPlatforms) = postSolution
		{7B1D8EDE-7321-47EB-9614-652B2921023C}.Debug|Any CPU.ActiveCfg = Debug|Any CPU
		{7B1D8EDE-7321-47EB-9614-652B2921023C}.Debug|Any CPU.Build.0 = Debug|Any CPU
		{7B1D8EDE-7321-47EB-9614-652B2921023C}.Release|Any CPU.ActiveCfg = Release|Any CPU
		{7B1D8EDE-7321-47EB-9614-652B2921023C}.Release|Any CPU.Build.0 = Release|Any CPU
		{DBC412E4-C62B-4C24-8269-4C40E371EED7}.Debug|Any CPU.ActiveCfg = Debug|Any CPU
		{DBC412E4-C62B-4C24-8269-4C40E371EED7}.Debug|Any CPU.Build.0 = Debug|Any CPU
		{DBC412E4-C62B-4C24-8269-4C40E371EED7}.Release|Any CPU.ActiveCfg = Release|Any CPU
		{DBC412E4-C62B-4C24-8269-4C40E371EED7}.Release|Any CPU.Build.0 = Release|Any CPU
		{64AD3397-813E-4BD5-AFA3-4B38CD7D33BD}.Debug|Any CPU.ActiveCfg = Debug|Any CPU
		{64AD3397-813E-4BD5-AFA3-4B38CD7D33BD}.Debug|Any CPU.Build.0 = Debug|Any CPU
		{64AD3397-813E-4BD5-AFA3-4B38CD7D33BD}.Release|Any CPU.ActiveCfg = Release|Any CPU
		{64AD3397-813E-4BD5-AFA3-4B38CD7D33BD}.Release|Any CPU.Build.0 = Release|Any CPU
		{94F8D1AD-532D-4568-B26E-7F914141171E}.Debug|Any CPU.ActiveCfg = Debug|Any CPU
		{94F8D1AD-532D-4568-B26E-7F914141171E}.Debug|Any CPU.Build.0 = Debug|Any CPU
		{94F8D1AD-532D-4568-B26E-7F914141171E}.Release|Any CPU.ActiveCfg = Release|Any CPU
		{94F8D1AD-532D-4568-B26E-7F914141171E}.Release|Any CPU.Build.0 = Release|Any CPU
		{386BC476-DB43-46FB-9236-81B2E28153CE}.Debug|Any CPU.ActiveCfg = Debug|Any CPU
		{386BC476-DB43-46FB-9236-81B2E28153CE}.Debug|Any CPU.Build.0 = Debug|Any CPU
		{386BC476-DB43-46FB-9236-81B2E28153CE}.Release|Any CPU.ActiveCfg = Release|Any CPU
		{386BC476-DB43-46FB-9236-81B2E28153CE}.Release|Any CPU.Build.0 = Release|Any CPU
		{DE372135-18E7-44F9-B8F8-36B9C666E751}.Debug|Any CPU.ActiveCfg = Debug|Any CPU
		{DE372135-18E7-44F9-B8F8-36B9C666E751}.Debug|Any CPU.Build.0 = Debug|Any CPU
		{DE372135-18E7-44F9-B8F8-36B9C666E751}.Release|Any CPU.ActiveCfg = Release|Any CPU
		{DE372135-18E7-44F9-B8F8-36B9C666E751}.Release|Any CPU.Build.0 = Release|Any CPU
	EndGlobalSection
	GlobalSection(SolutionProperties) = preSolution
		HideSolutionNode = FALSE
	EndGlobalSection
	GlobalSection(NestedProjects) = preSolution
		{CC2B5CB9-F921-4398-ABF1-78A2F8384196} = {A3D447B8-AC16-44E2-BE6A-074BEC47EC67}
		{DB1EDBA8-92E9-4C27-A2D9-29BB1DC91F0F} = {A3D447B8-AC16-44E2-BE6A-074BEC47EC67}
		{8BAFDDAC-D39D-4077-A5CC-7DFA087BDBE9} = {A3D447B8-AC16-44E2-BE6A-074BEC47EC67}
		{D8C6616D-E233-4D08-A5D5-34A6558F5019} = {A3D447B8-AC16-44E2-BE6A-074BEC47EC67}
		{88916EE8-DC99-4924-BCB0-277BCD8ED682} = {377D6602-F7BD-4558-A445-E45472340F54}
		{7B1D8EDE-7321-47EB-9614-652B2921023C} = {88916EE8-DC99-4924-BCB0-277BCD8ED682}
		{DBC412E4-C62B-4C24-8269-4C40E371EED7} = {CC2B5CB9-F921-4398-ABF1-78A2F8384196}
		{64AD3397-813E-4BD5-AFA3-4B38CD7D33BD} = {DB1EDBA8-92E9-4C27-A2D9-29BB1DC91F0F}
		{94F8D1AD-532D-4568-B26E-7F914141171E} = {D8C6616D-E233-4D08-A5D5-34A6558F5019}
		{386BC476-DB43-46FB-9236-81B2E28153CE} = {8BAFDDAC-D39D-4077-A5CC-7DFA087BDBE9}
		{5EB105EB-5B60-4BD7-AA16-8BCE386ED3A9} = {A3D447B8-AC16-44E2-BE6A-074BEC47EC67}
		{DE372135-18E7-44F9-B8F8-36B9C666E751} = {5EB105EB-5B60-4BD7-AA16-8BCE386ED3A9}
	EndGlobalSection
EndGlobal
